
Microsoft Visual Studio Solution File, Format Version 12.00
# Visual Studio Version 17
VisualStudioVersion = 17.4.33205.214
MinimumVisualStudioVersion = 10.0.40219.1
Project("{FAE04EC0-301F-11D3-BF4B-00C04F79EFBC}") = "PropiedadesAcceso", "PropiedadesAcceso\PropiedadesAcceso.csproj", "{15F0C0A2-5DCD-474E-8511-BFE0753CD45D}"
EndProject
Global
	GlobalSection(SolutionConfigurationPlatforms) = preSolution
		Debug|Any CPU = Debug|Any CPU
		Release|Any CPU = Release|Any CPU
	EndGlobalSection
	GlobalSection(ProjectConfigurationPlatforms) = postSolution
		{15F0C0A2-5DCD-474E-8511-BFE0753CD45D}.Debug|Any CPU.ActiveCfg = Debug|Any CPU
		{15F0C0A2-5DCD-474E-8511-BFE0753CD45D}.Debug|Any CPU.Build.0 = Debug|Any CPU
		{15F0C0A2-5DCD-474E-8511-BFE0753CD45D}.Release|Any CPU.ActiveCfg = Release|Any CPU
		{15F0C0A2-5DCD-474E-8511-BFE0753CD45D}.Release|Any CPU.Build.0 = Release|Any CPU
	EndGlobalSection
	GlobalSection(SolutionProperties) = preSolution
		HideSolutionNode = FALSE
	EndGlobalSection
	GlobalSection(ExtensibilityGlobals) = postSolution
		SolutionGuid = {4F3B1DE4-8DA5-49AC-B7FE-602788DFB6F8}
	EndGlobalSection
EndGlobal
